// !$*UTF8*$!
{
	archiveVersion = 1;
	classes = {
	};
	objectVersion = 50;
	objects = {

/* Begin PBXBuildFile section */
		99161DBB24B25B4500C068DF /* Response.swift in Sources */ = {isa = PBXBuildFile; fileRef = 99161DBA24B25B4500C068DF /* Response.swift */; };
		9954B60224B48DC400031858 /* DetiailViewController.swift in Sources */ = {isa = PBXBuildFile; fileRef = 9954B60124B48DC400031858 /* DetiailViewController.swift */; };
		9954B60524B499F600031858 /* WebKit.framework in Frameworks */ = {isa = PBXBuildFile; fileRef = 9954B60424B499F600031858 /* WebKit.framework */; };
		9970AC2B24B1D8FF00460D0B /* AppDelegate.swift in Sources */ = {isa = PBXBuildFile; fileRef = 9970AC2A24B1D8FF00460D0B /* AppDelegate.swift */; };
		9970AC2D24B1D8FF00460D0B /* SceneDelegate.swift in Sources */ = {isa = PBXBuildFile; fileRef = 9970AC2C24B1D8FF00460D0B /* SceneDelegate.swift */; };
		9970AC2F24B1D8FF00460D0B /* ViewController.swift in Sources */ = {isa = PBXBuildFile; fileRef = 9970AC2E24B1D8FF00460D0B /* ViewController.swift */; };
		9970AC3224B1D8FF00460D0B /* Main.storyboard in Resources */ = {isa = PBXBuildFile; fileRef = 9970AC3024B1D8FF00460D0B /* Main.storyboard */; };
		9970AC3424B1D90100460D0B /* Assets.xcassets in Resources */ = {isa = PBXBuildFile; fileRef = 9970AC3324B1D90100460D0B /* Assets.xcassets */; };
		9970AC3724B1D90100460D0B /* LaunchScreen.storyboard in Resources */ = {isa = PBXBuildFile; fileRef = 9970AC3524B1D90100460D0B /* LaunchScreen.storyboard */; };
		9970AC3F24B1EA2300460D0B /* Constants.swift in Sources */ = {isa = PBXBuildFile; fileRef = 9970AC3E24B1EA2300460D0B /* Constants.swift */; };
		9970AC4124B1EC6E00460D0B /* Video.swift in Sources */ = {isa = PBXBuildFile; fileRef = 9970AC4024B1EC6E00460D0B /* Video.swift */; };
		9970AC4324B1EDF900460D0B /* Model.swift in Sources */ = {isa = PBXBuildFile; fileRef = 9970AC4224B1EDF900460D0B /* Model.swift */; };
		99EC6EF324B3404F00A146DD /* VideoTableViewCell.swift in Sources */ = {isa = PBXBuildFile; fileRef = 99EC6EF224B3404F00A146DD /* VideoTableViewCell.swift */; };
		99EC6EFA24B34A3A00A146DD /* CacheManager.swift in Sources */ = {isa = PBXBuildFile; fileRef = 99EC6EF924B34A3A00A146DD /* CacheManager.swift */; };
/* End PBXBuildFile section */

/* Begin PBXFileReference section */
		99161DBA24B25B4500C068DF /* Response.swift */ = {isa = PBXFileReference; lastKnownFileType = sourcecode.swift; path = Response.swift; sourceTree = "<group>"; };
		9954B60124B48DC400031858 /* DetiailViewController.swift */ = {isa = PBXFileReference; lastKnownFileType = sourcecode.swift; path = DetiailViewController.swift; sourceTree = "<group>"; };
		9954B60424B499F600031858 /* WebKit.framework */ = {isa = PBXFileReference; lastKnownFileType = wrapper.framework; name = WebKit.framework; path = System/Library/Frameworks/WebKit.framework; sourceTree = SDKROOT; };
		9970AC2724B1D8FF00460D0B /* youtube-api.app */ = {isa = PBXFileReference; explicitFileType = wrapper.application; includeInIndex = 0; path = "youtube-api.app"; sourceTree = BUILT_PRODUCTS_DIR; };
		9970AC2A24B1D8FF00460D0B /* AppDelegate.swift */ = {isa = PBXFileReference; lastKnownFileType = sourcecode.swift; path = AppDelegate.swift; sourceTree = "<group>"; };
		9970AC2C24B1D8FF00460D0B /* SceneDelegate.swift */ = {isa = PBXFileReference; lastKnownFileType = sourcecode.swift; path = SceneDelegate.swift; sourceTree = "<group>"; };
		9970AC2E24B1D8FF00460D0B /* ViewController.swift */ = {isa = PBXFileReference; lastKnownFileType = sourcecode.swift; path = ViewController.swift; sourceTree = "<group>"; };
		9970AC3124B1D8FF00460D0B /* Base */ = {isa = PBXFileReference; lastKnownFileType = file.storyboard; name = Base; path = Base.lproj/Main.storyboard; sourceTree = "<group>"; };
		9970AC3324B1D90100460D0B /* Assets.xcassets */ = {isa = PBXFileReference; lastKnownFileType = folder.assetcatalog; path = Assets.xcassets; sourceTree = "<group>"; };
		9970AC3624B1D90100460D0B /* Base */ = {isa = PBXFileReference; lastKnownFileType = file.storyboard; name = Base; path = Base.lproj/LaunchScreen.storyboard; sourceTree = "<group>"; };
		9970AC3824B1D90100460D0B /* Info.plist */ = {isa = PBXFileReference; lastKnownFileType = text.plist.xml; path = Info.plist; sourceTree = "<group>"; };
		9970AC3E24B1EA2300460D0B /* Constants.swift */ = {isa = PBXFileReference; lastKnownFileType = sourcecode.swift; path = Constants.swift; sourceTree = "<group>"; };
		9970AC4024B1EC6E00460D0B /* Video.swift */ = {isa = PBXFileReference; lastKnownFileType = sourcecode.swift; path = Video.swift; sourceTree = "<group>"; };
		9970AC4224B1EDF900460D0B /* Model.swift */ = {isa = PBXFileReference; lastKnownFileType = sourcecode.swift; path = Model.swift; sourceTree = "<group>"; };
		99EC6EF224B3404F00A146DD /* VideoTableViewCell.swift */ = {isa = PBXFileReference; lastKnownFileType = sourcecode.swift; path = VideoTableViewCell.swift; sourceTree = "<group>"; };
		99EC6EF924B34A3A00A146DD /* CacheManager.swift */ = {isa = PBXFileReference; lastKnownFileType = sourcecode.swift; path = CacheManager.swift; sourceTree = "<group>"; };
/* End PBXFileReference section */

/* Begin PBXFrameworksBuildPhase section */
		9970AC2424B1D8FF00460D0B /* Frameworks */ = {
			isa = PBXFrameworksBuildPhase;
			buildActionMask = 2147483647;
			files = (
				9954B60524B499F600031858 /* WebKit.framework in Frameworks */,
			);
			runOnlyForDeploymentPostprocessing = 0;
		};
/* End PBXFrameworksBuildPhase section */

/* Begin PBXGroup section */
		9954B60324B499F600031858 /* Frameworks */ = {
			isa = PBXGroup;
			children = (
				9954B60424B499F600031858 /* WebKit.framework */,
			);
			name = Frameworks;
			sourceTree = "<group>";
		};
		9970AC1E24B1D8FF00460D0B = {
			isa = PBXGroup;
			children = (
				9970AC2924B1D8FF00460D0B /* youtube-api */,
				9970AC2824B1D8FF00460D0B /* Products */,
				9954B60324B499F600031858 /* Frameworks */,
			);
			sourceTree = "<group>";
		};
		9970AC2824B1D8FF00460D0B /* Products */ = {
			isa = PBXGroup;
			children = (
				9970AC2724B1D8FF00460D0B /* youtube-api.app */,
			);
			name = Products;
			sourceTree = "<group>";
		};
		9970AC2924B1D8FF00460D0B /* youtube-api */ = {
			isa = PBXGroup;
			children = (
				9970AC2A24B1D8FF00460D0B /* AppDelegate.swift */,
				9970AC2C24B1D8FF00460D0B /* SceneDelegate.swift */,
				99EC6EF824B3409C00A146DD /* Helpers */,
				99EC6EF724B3409000A146DD /* StoryBoards */,
				99EC6EF624B3408100A146DD /* Views */,
				99EC6EF524B3407300A146DD /* Models */,
				99EC6EF424B3406600A146DD /* View Controllers */,
				9970AC3324B1D90100460D0B /* Assets.xcassets */,
				9970AC3824B1D90100460D0B /* Info.plist */,
			);
			path = "youtube-api";
			sourceTree = "<group>";
		};
		99EC6EF424B3406600A146DD /* View Controllers */ = {
			isa = PBXGroup;
			children = (
				9970AC2E24B1D8FF00460D0B /* ViewController.swift */,
				9954B60124B48DC400031858 /* DetiailViewController.swift */,
			);
			path = "View Controllers";
			sourceTree = "<group>";
		};
		99EC6EF524B3407300A146DD /* Models */ = {
			isa = PBXGroup;
			children = (
				9970AC4024B1EC6E00460D0B /* Video.swift */,
				9970AC4224B1EDF900460D0B /* Model.swift */,
				99161DBA24B25B4500C068DF /* Response.swift */,
			);
			path = Models;
			sourceTree = "<group>";
		};
		99EC6EF624B3408100A146DD /* Views */ = {
			isa = PBXGroup;
			children = (
				99EC6EF224B3404F00A146DD /* VideoTableViewCell.swift */,
			);
			path = Views;
			sourceTree = "<group>";
		};
		99EC6EF724B3409000A146DD /* StoryBoards */ = {
			isa = PBXGroup;
			children = (
				9970AC3024B1D8FF00460D0B /* Main.storyboard */,
				9970AC3524B1D90100460D0B /* LaunchScreen.storyboard */,
			);
			path = StoryBoards;
			sourceTree = "<group>";
		};
		99EC6EF824B3409C00A146DD /* Helpers */ = {
			isa = PBXGroup;
			children = (
				9970AC3E24B1EA2300460D0B /* Constants.swift */,
				99EC6EF924B34A3A00A146DD /* CacheManager.swift */,
			);
			path = Helpers;
			sourceTree = "<group>";
		};
/* End PBXGroup section */

/* Begin PBXNativeTarget section */
		9970AC2624B1D8FF00460D0B /* youtube-api */ = {
			isa = PBXNativeTarget;
			buildConfigurationList = 9970AC3B24B1D90100460D0B /* Build configuration list for PBXNativeTarget "youtube-api" */;
			buildPhases = (
				9970AC2324B1D8FF00460D0B /* Sources */,
				9970AC2424B1D8FF00460D0B /* Frameworks */,
				9970AC2524B1D8FF00460D0B /* Resources */,
			);
			buildRules = (
			);
			dependencies = (
			);
			name = "youtube-api";
			productName = "youtube-api";
			productReference = 9970AC2724B1D8FF00460D0B /* youtube-api.app */;
			productType = "com.apple.product-type.application";
		};
/* End PBXNativeTarget section */

/* Begin PBXProject section */
		9970AC1F24B1D8FF00460D0B /* Project object */ = {
			isa = PBXProject;
			attributes = {
				LastSwiftUpdateCheck = 1130;
				LastUpgradeCheck = 1130;
				ORGANIZATIONNAME = "Wissam Noureddine";
				TargetAttributes = {
					9970AC2624B1D8FF00460D0B = {
						CreatedOnToolsVersion = 11.3.1;
					};
				};
			};
			buildConfigurationList = 9970AC2224B1D8FF00460D0B /* Build configuration list for PBXProject "youtube-api" */;
			compatibilityVersion = "Xcode 9.3";
			developmentRegion = en;
			hasScannedForEncodings = 0;
			knownRegions = (
				en,
				Base,
			);
			mainGroup = 9970AC1E24B1D8FF00460D0B;
			productRefGroup = 9970AC2824B1D8FF00460D0B /* Products */;
			projectDirPath = "";
			projectRoot = "";
			targets = (
				9970AC2624B1D8FF00460D0B /* youtube-api */,
			);
		};
/* End PBXProject section */

/* Begin PBXResourcesBuildPhase section */
		9970AC2524B1D8FF00460D0B /* Resources */ = {
			isa = PBXResourcesBuildPhase;
			buildActionMask = 2147483647;
			files = (
				9970AC3724B1D90100460D0B /* LaunchScreen.storyboard in Resources */,
				9970AC3424B1D90100460D0B /* Assets.xcassets in Resources */,
				9970AC3224B1D8FF00460D0B /* Main.storyboard in Resources */,
			);
			runOnlyForDeploymentPostprocessing = 0;
		};
/* End PBXResourcesBuildPhase section */

/* Begin PBXSourcesBuildPhase section */
		9970AC2324B1D8FF00460D0B /* Sources */ = {
			isa = PBXSourcesBuildPhase;
			buildActionMask = 2147483647;
			files = (
				99161DBB24B25B4500C068DF /* Response.swift in Sources */,
				9954B60224B48DC400031858 /* DetiailViewController.swift in Sources */,
				99EC6EFA24B34A3A00A146DD /* CacheManager.swift in Sources */,
				9970AC2F24B1D8FF00460D0B /* ViewController.swift in Sources */,
				9970AC2B24B1D8FF00460D0B /* AppDelegate.swift in Sources */,
				9970AC2D24B1D8FF00460D0B /* SceneDelegate.swift in Sources */,
				9970AC4324B1EDF900460D0B /* Model.swift in Sources */,
				99EC6EF324B3404F00A146DD /* VideoTableViewCell.swift in Sources */,
				9970AC3F24B1EA2300460D0B /* Constants.swift in Sources */,
				9970AC4124B1EC6E00460D0B /* Video.swift in Sources */,
			);
			runOnlyForDeploymentPostprocessing = 0;
		};
/* End PBXSourcesBuildPhase section */

/* Begin PBXVariantGroup section */
		9970AC3024B1D8FF00460D0B /* Main.storyboard */ = {
			isa = PBXVariantGroup;
			children = (
				9970AC3124B1D8FF00460D0B /* Base */,
			);
			name = Main.storyboard;
			sourceTree = "<group>";
		};
		9970AC3524B1D90100460D0B /* LaunchScreen.storyboard */ = {
			isa = PBXVariantGroup;
			children = (
				9970AC3624B1D90100460D0B /* Base */,
			);
			name = LaunchScreen.storyboard;
			sourceTree = "<group>";
		};
/* End PBXVariantGroup section */

/* Begin XCBuildConfiguration section */
		9970AC3924B1D90100460D0B /* Debug */ = {
			isa = XCBuildConfiguration;
			buildSettings = {
				ALWAYS_SEARCH_USER_PATHS = NO;
				CLANG_ANALYZER_NONNULL = YES;
				CLANG_ANALYZER_NUMBER_OBJECT_CONVERSION = YES_AGGRESSIVE;
				CLANG_CXX_LANGUAGE_STANDARD = "gnu++14";
				CLANG_CXX_LIBRARY = "libc++";
				CLANG_ENABLE_MODULES = YES;
				CLANG_ENABLE_OBJC_ARC = YES;
				CLANG_ENABLE_OBJC_WEAK = YES;
				CLANG_WARN_BLOCK_CAPTURE_AUTORELEASING = YES;
				CLANG_WARN_BOOL_CONVERSION = YES;
				CLANG_WARN_COMMA = YES;
				CLANG_WARN_CONSTANT_CONVERSION = YES;
				CLANG_WARN_DEPRECATED_OBJC_IMPLEMENTATIONS = YES;
				CLANG_WARN_DIRECT_OBJC_ISA_USAGE = YES_ERROR;
				CLANG_WARN_DOCUMENTATION_COMMENTS = YES;
				CLANG_WARN_EMPTY_BODY = YES;
				CLANG_WARN_ENUM_CONVERSION = YES;
				CLANG_WARN_INFINITE_RECURSION = YES;
				CLANG_WARN_INT_CONVERSION = YES;
				CLANG_WARN_NON_LITERAL_NULL_CONVERSION = YES;
				CLANG_WARN_OBJC_IMPLICIT_RETAIN_SELF = YES;
				CLANG_WARN_OBJC_LITERAL_CONVERSION = YES;
				CLANG_WARN_OBJC_ROOT_CLASS = YES_ERROR;
				CLANG_WARN_RANGE_LOOP_ANALYSIS = YES;
				CLANG_WARN_STRICT_PROTOTYPES = YES;
				CLANG_WARN_SUSPICIOUS_MOVE = YES;
				CLANG_WARN_UNGUARDED_AVAILABILITY = YES_AGGRESSIVE;
				CLANG_WARN_UNREACHABLE_CODE = YES;
				CLANG_WARN__DUPLICATE_METHOD_MATCH = YES;
				COPY_PHASE_STRIP = NO;
				DEBUG_INFORMATION_FORMAT = dwarf;
				ENABLE_STRICT_OBJC_MSGSEND = YES;
				ENABLE_TESTABILITY = YES;
				GCC_C_LANGUAGE_STANDARD = gnu11;
				GCC_DYNAMIC_NO_PIC = NO;
				GCC_NO_COMMON_BLOCKS = YES;
				GCC_OPTIMIZATION_LEVEL = 0;
				GCC_PREPROCESSOR_DEFINITIONS = (
					"DEBUG=1",
					"$(inherited)",
				);
				GCC_WARN_64_TO_32_BIT_CONVERSION = YES;
				GCC_WARN_ABOUT_RETURN_TYPE = YES_ERROR;
				GCC_WARN_UNDECLARED_SELECTOR = YES;
				GCC_WARN_UNINITIALIZED_AUTOS = YES_AGGRESSIVE;
				GCC_WARN_UNUSED_FUNCTION = YES;
				GCC_WARN_UNUSED_VARIABLE = YES;
				IPHONEOS_DEPLOYMENT_TARGET = 13.2;
				MTL_ENABLE_DEBUG_INFO = INCLUDE_SOURCE;
				MTL_FAST_MATH = YES;
				ONLY_ACTIVE_ARCH = YES;
				SDKROOT = iphoneos;
				SWIFT_ACTIVE_COMPILATION_CONDITIONS = DEBUG;
				SWIFT_OPTIMIZATION_LEVEL = "-Onone";
			};
			name = Debug;
		};
		9970AC3A24B1D90100460D0B /* Release */ = {
			isa = XCBuildConfiguration;
			buildSettings = {
				ALWAYS_SEARCH_USER_PATHS = NO;
				CLANG_ANALYZER_NONNULL = YES;
				CLANG_ANALYZER_NUMBER_OBJECT_CONVERSION = YES_AGGRESSIVE;
				CLANG_CXX_LANGUAGE_STANDARD = "gnu++14";
				CLANG_CXX_LIBRARY = "libc++";
				CLANG_ENABLE_MODULES = YES;
				CLANG_ENABLE_OBJC_ARC = YES;
				CLANG_ENABLE_OBJC_WEAK = YES;
				CLANG_WARN_BLOCK_CAPTURE_AUTORELEASING = YES;
				CLANG_WARN_BOOL_CONVERSION = YES;
				CLANG_WARN_COMMA = YES;
				CLANG_WARN_CONSTANT_CONVERSION = YES;
				CLANG_WARN_DEPRECATED_OBJC_IMPLEMENTATIONS = YES;
				CLANG_WARN_DIRECT_OBJC_ISA_USAGE = YES_ERROR;
				CLANG_WARN_DOCUMENTATION_COMMENTS = YES;
				CLANG_WARN_EMPTY_BODY = YES;
				CLANG_WARN_ENUM_CONVERSION = YES;
				CLANG_WARN_INFINITE_RECURSION = YES;
				CLANG_WARN_INT_CONVERSION = YES;
				CLANG_WARN_NON_LITERAL_NULL_CONVERSION = YES;
				CLANG_WARN_OBJC_IMPLICIT_RETAIN_SELF = YES;
				CLANG_WARN_OBJC_LITERAL_CONVERSION = YES;
				CLANG_WARN_OBJC_ROOT_CLASS = YES_ERROR;
				CLANG_WARN_RANGE_LOOP_ANALYSIS = YES;
				CLANG_WARN_STRICT_PROTOTYPES = YES;
				CLANG_WARN_SUSPICIOUS_MOVE = YES;
				CLANG_WARN_UNGUARDED_AVAILABILITY = YES_AGGRESSIVE;
				CLANG_WARN_UNREACHABLE_CODE = YES;
				CLANG_WARN__DUPLICATE_METHOD_MATCH = YES;
				COPY_PHASE_STRIP = NO;
				DEBUG_INFORMATION_FORMAT = "dwarf-with-dsym";
				ENABLE_NS_ASSERTIONS = NO;
				ENABLE_STRICT_OBJC_MSGSEND = YES;
				GCC_C_LANGUAGE_STANDARD = gnu11;
				GCC_NO_COMMON_BLOCKS = YES;
				GCC_WARN_64_TO_32_BIT_CONVERSION = YES;
				GCC_WARN_ABOUT_RETURN_TYPE = YES_ERROR;
				GCC_WARN_UNDECLARED_SELECTOR = YES;
				GCC_WARN_UNINITIALIZED_AUTOS = YES_AGGRESSIVE;
				GCC_WARN_UNUSED_FUNCTION = YES;
				GCC_WARN_UNUSED_VARIABLE = YES;
				IPHONEOS_DEPLOYMENT_TARGET = 13.2;
				MTL_ENABLE_DEBUG_INFO = NO;
				MTL_FAST_MATH = YES;
				SDKROOT = iphoneos;
				SWIFT_COMPILATION_MODE = wholemodule;
				SWIFT_OPTIMIZATION_LEVEL = "-O";
				VALIDATE_PRODUCT = YES;
			};
			name = Release;
		};
		9970AC3C24B1D90100460D0B /* Debug */ = {
			isa = XCBuildConfiguration;
			buildSettings = {
				ASSETCATALOG_COMPILER_APPICON_NAME = AppIcon;
				CODE_SIGN_STYLE = Automatic;
				INFOPLIST_FILE = "youtube-api/Info.plist";
				LD_RUNPATH_SEARCH_PATHS = (
					"$(inherited)",
					"@executable_path/Frameworks",
				);
				PRODUCT_BUNDLE_IDENTIFIER = "com.wsm.youtube-api";
				PRODUCT_NAME = "$(TARGET_NAME)";
				SWIFT_VERSION = 5.0;
				TARGETED_DEVICE_FAMILY = "1,2";
			};
			name = Debug;
		};
		9970AC3D24B1D90100460D0B /* Release */ = {
			isa = XCBuildConfiguration;
			buildSettings = {
				ASSETCATALOG_COMPILER_APPICON_NAME = AppIcon;
				CODE_SIGN_STYLE = Automatic;
				INFOPLIST_FILE = "youtube-api/Info.plist";
				LD_RUNPATH_SEARCH_PATHS = (
					"$(inherited)",
					"@executable_path/Frameworks",
				);
				PRODUCT_BUNDLE_IDENTIFIER = "com.wsm.youtube-api";
				PRODUCT_NAME = "$(TARGET_NAME)";
				SWIFT_VERSION = 5.0;
				TARGETED_DEVICE_FAMILY = "1,2";
			};
			name = Release;
		};
/* End XCBuildConfiguration section */

/* Begin XCConfigurationList section */
		9970AC2224B1D8FF00460D0B /* Build configuration list for PBXProject "youtube-api" */ = {
			isa = XCConfigurationList;
			buildConfigurations = (
				9970AC3924B1D90100460D0B /* Debug */,
				9970AC3A24B1D90100460D0B /* Release */,
			);
			defaultConfigurationIsVisible = 0;
			defaultConfigurationName = Release;
		};
		9970AC3B24B1D90100460D0B /* Build configuration list for PBXNativeTarget "youtube-api" */ = {
			isa = XCConfigurationList;
			buildConfigurations = (
				9970AC3C24B1D90100460D0B /* Debug */,
				9970AC3D24B1D90100460D0B /* Release */,
			);
			defaultConfigurationIsVisible = 0;
			defaultConfigurationName = Release;
		};
/* End XCConfigurationList section */
	};
	rootObject = 9970AC1F24B1D8FF00460D0B /* Project object */;
}
